
Microsoft Visual Studio Solution File, Format Version 12.00
# Visual Studio 15
VisualStudioVersion = 15.0.28307.1022
MinimumVisualStudioVersion = 10.0.40219.1
Project("{FAE04EC0-301F-11D3-BF4B-00C04F79EFBC}") = "ClassLibrary1", "ClassLibrary1\ClassLibrary1.csproj", "{F6118588-E17C-409B-8B55-D17DEC332520}"
EndProject
Project("{FAE04EC0-301F-11D3-BF4B-00C04F79EFBC}") = "ClassLibrary1.Tests", "ClassLibrary1.Tests\ClassLibrary1.Tests.csproj", "{F54AE9C0-1ADD-495F-AF7C-EE7684E73C79}"
EndProject
Project("{2150E333-8FDC-42A3-9474-1A3956D46DE8}") = "Solution Items", "Solution Items", "{5AA7909A-FAE1-4B8A-8F4E-82A4EDC563B1}"
	ProjectSection(SolutionItems) = preProject
		..\README.md = ..\README.md
	EndProjectSection
EndProject
Global
	GlobalSection(SolutionConfigurationPlatforms) = preSolution
		Debug|Any CPU = Debug|Any CPU
		Release|Any CPU = Release|Any CPU
	EndGlobalSection
	GlobalSection(ProjectConfigurationPlatforms) = postSolution
		{F6118588-E17C-409B-8B55-D17DEC332520}.Debug|Any CPU.ActiveCfg = Debug|Any CPU
		{F6118588-E17C-409B-8B55-D17DEC332520}.Debug|Any CPU.Build.0 = Debug|Any CPU
		{F6118588-E17C-409B-8B55-D17DEC332520}.Release|Any CPU.ActiveCfg = Release|Any CPU
		{F6118588-E17C-409B-8B55-D17DEC332520}.Release|Any CPU.Build.0 = Release|Any CPU
		{F54AE9C0-1ADD-495F-AF7C-EE7684E73C79}.Debug|Any CPU.ActiveCfg = Debug|Any CPU
		{F54AE9C0-1ADD-495F-AF7C-EE7684E73C79}.Debug|Any CPU.Build.0 = Debug|Any CPU
		{F54AE9C0-1ADD-495F-AF7C-EE7684E73C79}.Release|Any CPU.ActiveCfg = Release|Any CPU
		{F54AE9C0-1ADD-495F-AF7C-EE7684E73C79}.Release|Any CPU.Build.0 = Release|Any CPU
	EndGlobalSection
	GlobalSection(SolutionProperties) = preSolution
		HideSolutionNode = FALSE
	EndGlobalSection
	GlobalSection(ExtensibilityGlobals) = postSolution
		SolutionGuid = {74032488-7882-421A-BCB2-B549F2A59BD4}
	EndGlobalSection
EndGlobal
